// !$*UTF8*$!
{
	archiveVersion = 1;
	classes = {
	};
	objectVersion = 46;
	objects = {

/* Begin PBXBuildFile section */
		070E21741B606B5700E81911 /* EntityList.cpp in Sources */ = {isa = PBXBuildFile; fileRef = 070E21721B606B5700E81911 /* EntityList.cpp */; };
		0719E8001B42414F003C4308 /* TextEntity.cpp in Sources */ = {isa = PBXBuildFile; fileRef = 0719E7FE1B42414F003C4308 /* TextEntity.cpp */; };
		07270E5C1B5D7BF700CC6BFA /* TemporalEntity.cpp in Sources */ = {isa = PBXBuildFile; fileRef = 07270E5A1B5D7BF700CC6BFA /* TemporalEntity.cpp */; };
		0741AD061AB123EF009DCA20 /* Game.cpp in Sources */ = {isa = PBXBuildFile; fileRef = 0741AD041AB123EF009DCA20 /* Game.cpp */; settings = {COMPILER_FLAGS = "-O3"; }; };
		076B89BF1AB2B13200E9FFAF /* Entity.cpp in Sources */ = {isa = PBXBuildFile; fileRef = 076B89BD1AB2B13200E9FFAF /* Entity.cpp */; settings = {COMPILER_FLAGS = "-O3"; }; };
		076B89C31AB2B60000E9FFAF /* Player.cpp in Sources */ = {isa = PBXBuildFile; fileRef = 076B89C11AB2B60000E9FFAF /* Player.cpp */; settings = {COMPILER_FLAGS = "-O3"; }; };
		0771D4181AB36390000E625F /* Camera.cpp in Sources */ = {isa = PBXBuildFile; fileRef = 0771D4161AB36390000E625F /* Camera.cpp */; settings = {COMPILER_FLAGS = "-O3"; }; };
		07AE84701B4307FC00EFEFF4 /* pugixml.cpp in Sources */ = {isa = PBXBuildFile; fileRef = 07AE846E1B4307FC00EFEFF4 /* pugixml.cpp */; };
		07AE84751B43102A00EFEFF4 /* SDLHeader.cpp in Sources */ = {isa = PBXBuildFile; fileRef = 07AE84741B43102A00EFEFF4 /* SDLHeader.cpp */; };
		07DF7E2A1AAAC394002D62A3 /* Object.cpp in Sources */ = {isa = PBXBuildFile; fileRef = 07DF7E221AAAC394002D62A3 /* Object.cpp */; settings = {COMPILER_FLAGS = "-O3"; }; };
		07DF7E2B1AAAC394002D62A3 /* ObjectAction.cpp in Sources */ = {isa = PBXBuildFile; fileRef = 07DF7E241AAAC394002D62A3 /* ObjectAction.cpp */; settings = {COMPILER_FLAGS = "-O3"; }; };
		07EF34341AC4948C004A0AAC /* Cocoa.framework in Frameworks */ = {isa = PBXBuildFile; fileRef = 07EF34331AC4948C004A0AAC /* Cocoa.framework */; };
		07EF34361AC49495004A0AAC /* OpenGL.framework in Frameworks */ = {isa = PBXBuildFile; fileRef = 07EF34351AC49495004A0AAC /* OpenGL.framework */; };
		07EF34391AC494B1004A0AAC /* SDL2_image.framework in Frameworks */ = {isa = PBXBuildFile; fileRef = 07EF34371AC494B1004A0AAC /* SDL2_image.framework */; };
		07EF343A1AC494B1004A0AAC /* SDL2.framework in Frameworks */ = {isa = PBXBuildFile; fileRef = 07EF34381AC494B1004A0AAC /* SDL2.framework */; };
		07EF343D1AC494D9004A0AAC /* SDL2_mixer.framework in Frameworks */ = {isa = PBXBuildFile; fileRef = 07EF343B1AC494D9004A0AAC /* SDL2_mixer.framework */; };
		07EF343E1AC494D9004A0AAC /* SDL2_ttf.framework in Frameworks */ = {isa = PBXBuildFile; fileRef = 07EF343C1AC494D9004A0AAC /* SDL2_ttf.framework */; };
		07F223A41AAD7C68002339D7 /* Background.cpp in Sources */ = {isa = PBXBuildFile; fileRef = 07F223A21AAD7C68002339D7 /* Background.cpp */; settings = {COMPILER_FLAGS = "-O3"; }; };
		07F8A55A1AC977D700F25BC6 /* GameLoader.cpp in Sources */ = {isa = PBXBuildFile; fileRef = 07F8A5581AC977D700F25BC6 /* GameLoader.cpp */; settings = {COMPILER_FLAGS = "-O3"; }; };
		07F9E5D21AC386E4004E03FD /* main.cpp in Sources */ = {isa = PBXBuildFile; fileRef = 07F9E5D11AC386E4004E03FD /* main.cpp */; settings = {COMPILER_FLAGS = "-O3"; }; };
/* End PBXBuildFile section */

/* Begin PBXCopyFilesBuildPhase section */
		07DF7E131AAAC366002D62A3 /* CopyFiles */ = {
			isa = PBXCopyFilesBuildPhase;
			buildActionMask = 2147483647;
			dstPath = /usr/share/man/man1/;
			dstSubfolderSpec = 0;
			files = (
			);
			runOnlyForDeploymentPostprocessing = 1;
		};
/* End PBXCopyFilesBuildPhase section */

/* Begin PBXFileReference section */
		070E21721B606B5700E81911 /* EntityList.cpp */ = {isa = PBXFileReference; fileEncoding = 4; lastKnownFileType = sourcecode.cpp.cpp; path = EntityList.cpp; sourceTree = "<group>"; };
		070E21731B606B5700E81911 /* EntityList.h */ = {isa = PBXFileReference; fileEncoding = 4; lastKnownFileType = sourcecode.c.h; path = EntityList.h; sourceTree = "<group>"; };
		0719E7FE1B42414F003C4308 /* TextEntity.cpp */ = {isa = PBXFileReference; fileEncoding = 4; lastKnownFileType = sourcecode.cpp.cpp; path = TextEntity.cpp; sourceTree = "<group>"; };
		0719E7FF1B42414F003C4308 /* TextEntity.h */ = {isa = PBXFileReference; fileEncoding = 4; lastKnownFileType = sourcecode.c.h; path = TextEntity.h; sourceTree = "<group>"; };
		071A4EF21AC3D7190014AE6D /* ground.jpg */ = {isa = PBXFileReference; lastKnownFileType = image.jpeg; name = ground.jpg; path = Resource/ground.jpg; sourceTree = "<group>"; };
		071A4EF31AC3D7190014AE6D /* wall.jpg */ = {isa = PBXFileReference; lastKnownFileType = image.jpeg; name = wall.jpg; path = Resource/wall.jpg; sourceTree = "<group>"; };
		071A4EF41AC3DA750014AE6D /* Tree.png */ = {isa = PBXFileReference; lastKnownFileType = image.png; name = Tree.png; path = Resource/Tree.png; sourceTree = "<group>"; };
		07270E5A1B5D7BF700CC6BFA /* TemporalEntity.cpp */ = {isa = PBXFileReference; fileEncoding = 4; lastKnownFileType = sourcecode.cpp.cpp; path = TemporalEntity.cpp; sourceTree = "<group>"; };
		07270E5B1B5D7BF700CC6BFA /* TemporalEntity.h */ = {isa = PBXFileReference; fileEncoding = 4; lastKnownFileType = sourcecode.c.h; path = TemporalEntity.h; sourceTree = "<group>"; };
		0741AD041AB123EF009DCA20 /* Game.cpp */ = {isa = PBXFileReference; fileEncoding = 4; lastKnownFileType = sourcecode.cpp.cpp; path = Game.cpp; sourceTree = "<group>"; };
		0741AD051AB123EF009DCA20 /* Game.h */ = {isa = PBXFileReference; fileEncoding = 4; lastKnownFileType = sourcecode.c.h; path = Game.h; sourceTree = "<group>"; };
		0741AD081AB1252A009DCA20 /* board.jpg */ = {isa = PBXFileReference; lastKnownFileType = image.jpeg; name = board.jpg; path = Resource/board.jpg; sourceTree = "<group>"; };
		0741AD091AB1252A009DCA20 /* pieces.png */ = {isa = PBXFileReference; lastKnownFileType = image.png; name = pieces.png; path = Resource/pieces.png; sourceTree = "<group>"; };
		076B89BD1AB2B13200E9FFAF /* Entity.cpp */ = {isa = PBXFileReference; fileEncoding = 4; lastKnownFileType = sourcecode.cpp.cpp; path = Entity.cpp; sourceTree = "<group>"; };
		076B89BE1AB2B13200E9FFAF /* Entity.h */ = {isa = PBXFileReference; fileEncoding = 4; lastKnownFileType = sourcecode.c.h; path = Entity.h; sourceTree = "<group>"; };
		076B89C01AB2B58C00E9FFAF /* coso.png */ = {isa = PBXFileReference; lastKnownFileType = image.png; name = coso.png; path = Resource/coso.png; sourceTree = "<group>"; };
		076B89C11AB2B60000E9FFAF /* Player.cpp */ = {isa = PBXFileReference; fileEncoding = 4; lastKnownFileType = sourcecode.cpp.cpp; path = Player.cpp; sourceTree = "<group>"; };
		076B89C21AB2B60000E9FFAF /* Player.h */ = {isa = PBXFileReference; fileEncoding = 4; lastKnownFileType = sourcecode.c.h; path = Player.h; sourceTree = "<group>"; };
		0771D4161AB36390000E625F /* Camera.cpp */ = {isa = PBXFileReference; fileEncoding = 4; lastKnownFileType = sourcecode.cpp.cpp; path = Camera.cpp; sourceTree = "<group>"; };
		0771D4171AB36390000E625F /* Camera.h */ = {isa = PBXFileReference; fileEncoding = 4; lastKnownFileType = sourcecode.c.h; path = Camera.h; sourceTree = "<group>"; };
		077AB34F1AC2071800670C1B /* background.png */ = {isa = PBXFileReference; lastKnownFileType = image.png; name = background.png; path = Resource/background.png; sourceTree = "<group>"; };
		07AE846D1B4307FC00EFEFF4 /* pugiconfig.hpp */ = {isa = PBXFileReference; fileEncoding = 4; lastKnownFileType = sourcecode.cpp.h; path = pugiconfig.hpp; sourceTree = "<group>"; };
		07AE846E1B4307FC00EFEFF4 /* pugixml.cpp */ = {isa = PBXFileReference; fileEncoding = 4; lastKnownFileType = sourcecode.cpp.cpp; path = pugixml.cpp; sourceTree = "<group>"; };
		07AE846F1B4307FC00EFEFF4 /* pugixml.hpp */ = {isa = PBXFileReference; fileEncoding = 4; lastKnownFileType = sourcecode.cpp.h; path = pugixml.hpp; sourceTree = "<group>"; };
		07AE84741B43102A00EFEFF4 /* SDLHeader.cpp */ = {isa = PBXFileReference; fileEncoding = 4; lastKnownFileType = sourcecode.cpp.cpp; path = SDLHeader.cpp; sourceTree = "<group>"; };
		07AE84761B43A28F00EFEFF4 /* map.ge */ = {isa = PBXFileReference; fileEncoding = 4; lastKnownFileType = text; path = map.ge; sourceTree = "<group>"; };
		07C1172E1B448E48004C15D2 /* setup.xml */ = {isa = PBXFileReference; fileEncoding = 4; lastKnownFileType = text.xml; path = setup.xml; sourceTree = "<group>"; };
		07C241771AC14BDD00EBC206 /* cosa.png */ = {isa = PBXFileReference; lastKnownFileType = image.png; name = cosa.png; path = Resource/cosa.png; sourceTree = "<group>"; };
		07C7BAF41B4724250075A4EF /* sf2-bg.jpg */ = {isa = PBXFileReference; lastKnownFileType = image.jpeg; name = "sf2-bg.jpg"; path = "Resource/sf2-bg.jpg"; sourceTree = "<group>"; };
		07C7BAF51B4734680075A4EF /* sf2-ground.jpg */ = {isa = PBXFileReference; lastKnownFileType = image.jpeg; name = "sf2-ground.jpg"; path = "Resource/sf2-ground.jpg"; sourceTree = "<group>"; };
		07C7BAF61B473BCE0075A4EF /* ken.png */ = {isa = PBXFileReference; lastKnownFileType = image.png; name = ken.png; path = Resource/ken.png; sourceTree = "<group>"; };
		07DD46431AB7981C00E02362 /* sprite.png */ = {isa = PBXFileReference; lastKnownFileType = image.png; name = sprite.png; path = Resource/sprite.png; sourceTree = "<group>"; };
		07DD46441AB7982B00E02362 /* yoshi.png */ = {isa = PBXFileReference; lastKnownFileType = image.png; name = yoshi.png; path = Resource/yoshi.png; sourceTree = "<group>"; };
		07DF7E151AAAC366002D62A3 /* GameEngine.app */ = {isa = PBXFileReference; explicitFileType = "compiled.mach-o.executable"; includeInIndex = 0; path = GameEngine.app; sourceTree = BUILT_PRODUCTS_DIR; };
		07DF7E221AAAC394002D62A3 /* Object.cpp */ = {isa = PBXFileReference; fileEncoding = 4; lastKnownFileType = sourcecode.cpp.cpp; path = Object.cpp; sourceTree = "<group>"; };
		07DF7E231AAAC394002D62A3 /* Object.h */ = {isa = PBXFileReference; fileEncoding = 4; lastKnownFileType = sourcecode.c.h; path = Object.h; sourceTree = "<group>"; };
		07DF7E241AAAC394002D62A3 /* ObjectAction.cpp */ = {isa = PBXFileReference; fileEncoding = 4; lastKnownFileType = sourcecode.cpp.cpp; path = ObjectAction.cpp; sourceTree = "<group>"; };
		07DF7E251AAAC394002D62A3 /* ObjectAction.h */ = {isa = PBXFileReference; fileEncoding = 4; lastKnownFileType = sourcecode.c.h; path = ObjectAction.h; sourceTree = "<group>"; };
		07DF7E261AAAC394002D62A3 /* SDLHeader.h */ = {isa = PBXFileReference; fileEncoding = 4; lastKnownFileType = sourcecode.c.h; path = SDLHeader.h; sourceTree = "<group>"; };
		07E652671AC8EDB100963D5D /* surface.ge */ = {isa = PBXFileReference; fileEncoding = 4; lastKnownFileType = text; path = surface.ge; sourceTree = "<group>"; };
		07EF34331AC4948C004A0AAC /* Cocoa.framework */ = {isa = PBXFileReference; lastKnownFileType = wrapper.framework; name = Cocoa.framework; path = System/Library/Frameworks/Cocoa.framework; sourceTree = SDKROOT; };
		07EF34351AC49495004A0AAC /* OpenGL.framework */ = {isa = PBXFileReference; lastKnownFileType = wrapper.framework; name = OpenGL.framework; path = System/Library/Frameworks/OpenGL.framework; sourceTree = SDKROOT; };
		07EF34371AC494B1004A0AAC /* SDL2_image.framework */ = {isa = PBXFileReference; lastKnownFileType = wrapper.framework; name = SDL2_image.framework; path = ../../../../../../../../Library/Frameworks/SDL2_image.framework; sourceTree = "<group>"; };
		07EF34381AC494B1004A0AAC /* SDL2.framework */ = {isa = PBXFileReference; lastKnownFileType = wrapper.framework; name = SDL2.framework; path = ../../../../../../../../Library/Frameworks/SDL2.framework; sourceTree = "<group>"; };
		07EF343B1AC494D9004A0AAC /* SDL2_mixer.framework */ = {isa = PBXFileReference; lastKnownFileType = wrapper.framework; name = SDL2_mixer.framework; path = ../../../../../../../../Library/Frameworks/SDL2_mixer.framework; sourceTree = "<group>"; };
		07EF343C1AC494D9004A0AAC /* SDL2_ttf.framework */ = {isa = PBXFileReference; lastKnownFileType = wrapper.framework; name = SDL2_ttf.framework; path = ../../../../../../../../Library/Frameworks/SDL2_ttf.framework; sourceTree = "<group>"; };
		07F223A21AAD7C68002339D7 /* Background.cpp */ = {isa = PBXFileReference; fileEncoding = 4; lastKnownFileType = sourcecode.cpp.cpp; path = Background.cpp; sourceTree = "<group>"; };
		07F223A31AAD7C68002339D7 /* Background.h */ = {isa = PBXFileReference; fileEncoding = 4; lastKnownFileType = sourcecode.c.h; path = Background.h; sourceTree = "<group>"; };
		07F8A5571AC9775200F25BC6 /* setup.ge */ = {isa = PBXFileReference; fileEncoding = 4; lastKnownFileType = text; path = setup.ge; sourceTree = "<group>"; };
		07F8A5581AC977D700F25BC6 /* GameLoader.cpp */ = {isa = PBXFileReference; fileEncoding = 4; lastKnownFileType = sourcecode.cpp.cpp; path = GameLoader.cpp; sourceTree = "<group>"; };
		07F8A5591AC977D700F25BC6 /* GameLoader.h */ = {isa = PBXFileReference; fileEncoding = 4; lastKnownFileType = sourcecode.c.h; path = GameLoader.h; sourceTree = "<group>"; };
		07F9E5D11AC386E4004E03FD /* main.cpp */ = {isa = PBXFileReference; fileEncoding = 4; lastKnownFileType = sourcecode.cpp.cpp; path = main.cpp; sourceTree = "<group>"; xcLanguageSpecificationIdentifier = xcode.lang.cpp; };
/* End PBXFileReference section */

/* Begin PBXFrameworksBuildPhase section */
		07DF7E121AAAC366002D62A3 /* Frameworks */ = {
			isa = PBXFrameworksBuildPhase;
			buildActionMask = 2147483647;
			files = (
				07EF343D1AC494D9004A0AAC /* SDL2_mixer.framework in Frameworks */,
				07EF343E1AC494D9004A0AAC /* SDL2_ttf.framework in Frameworks */,
				07EF34391AC494B1004A0AAC /* SDL2_image.framework in Frameworks */,
				07EF343A1AC494B1004A0AAC /* SDL2.framework in Frameworks */,
				07EF34361AC49495004A0AAC /* OpenGL.framework in Frameworks */,
				07EF34341AC4948C004A0AAC /* Cocoa.framework in Frameworks */,
			);
			runOnlyForDeploymentPostprocessing = 0;
		};
/* End PBXFrameworksBuildPhase section */

/* Begin PBXGroup section */
		0741AD071AB124E9009DCA20 /* Resource */ = {
			isa = PBXGroup;
			children = (
				07DD46431AB7981C00E02362 /* sprite.png */,
				07C7BAF41B4724250075A4EF /* sf2-bg.jpg */,
				07C7BAF51B4734680075A4EF /* sf2-ground.jpg */,
				076B89C01AB2B58C00E9FFAF /* coso.png */,
				071A4EF41AC3DA750014AE6D /* Tree.png */,
				071A4EF21AC3D7190014AE6D /* ground.jpg */,
				07C7BAF61B473BCE0075A4EF /* ken.png */,
				071A4EF31AC3D7190014AE6D /* wall.jpg */,
				07DD46441AB7982B00E02362 /* yoshi.png */,
				077AB34F1AC2071800670C1B /* background.png */,
				07C241771AC14BDD00EBC206 /* cosa.png */,
				0741AD081AB1252A009DCA20 /* board.jpg */,
				0741AD091AB1252A009DCA20 /* pieces.png */,
			);
			name = Resource;
			sourceTree = "<group>";
		};
		07AE846C1B4307E800EFEFF4 /* XML */ = {
			isa = PBXGroup;
			children = (
				07AE846D1B4307FC00EFEFF4 /* pugiconfig.hpp */,
				07AE846E1B4307FC00EFEFF4 /* pugixml.cpp */,
				07AE846F1B4307FC00EFEFF4 /* pugixml.hpp */,
			);
			name = XML;
			sourceTree = "<group>";
		};
		07DF7E0C1AAAC366002D62A3 = {
			isa = PBXGroup;
			children = (
				07AE846C1B4307E800EFEFF4 /* XML */,
				07E652671AC8EDB100963D5D /* surface.ge */,
				07AE84761B43A28F00EFEFF4 /* map.ge */,
				07C1172E1B448E48004C15D2 /* setup.xml */,
				07F8A5571AC9775200F25BC6 /* setup.ge */,
				07DF7E3A1AAAC40E002D62A3 /* Frameworks */,
				07DF7E3D1AAAC455002D62A3 /* SDL */,
				07DF7E171AAAC366002D62A3 /* GameEngine */,
				0741AD071AB124E9009DCA20 /* Resource */,
				07DF7E161AAAC366002D62A3 /* Products */,
			);
			sourceTree = "<group>";
		};
		07DF7E161AAAC366002D62A3 /* Products */ = {
			isa = PBXGroup;
			children = (
				07DF7E151AAAC366002D62A3 /* GameEngine.app */,
			);
			name = Products;
			sourceTree = "<group>";
		};
		07DF7E171AAAC366002D62A3 /* GameEngine */ = {
			isa = PBXGroup;
			children = (
				07DF7E3B1AAAC440002D62A3 /* Header */,
				07DF7E3C1AAAC443002D62A3 /* Source */,
				07F9E5D11AC386E4004E03FD /* main.cpp */,
			);
			path = GameEngine;
			sourceTree = "<group>";
		};
		07DF7E3A1AAAC40E002D62A3 /* Frameworks */ = {
			isa = PBXGroup;
			children = (
				07EF343B1AC494D9004A0AAC /* SDL2_mixer.framework */,
				07EF343C1AC494D9004A0AAC /* SDL2_ttf.framework */,
				07EF34371AC494B1004A0AAC /* SDL2_image.framework */,
				07EF34381AC494B1004A0AAC /* SDL2.framework */,
				07EF34351AC49495004A0AAC /* OpenGL.framework */,
				07EF34331AC4948C004A0AAC /* Cocoa.framework */,
			);
			name = Frameworks;
			path = GameEngine;
			sourceTree = "<group>";
		};
		07DF7E3B1AAAC440002D62A3 /* Header */ = {
			isa = PBXGroup;
			children = (
				07F223A31AAD7C68002339D7 /* Background.h */,
				0771D4171AB36390000E625F /* Camera.h */,
				076B89BE1AB2B13200E9FFAF /* Entity.h */,
				070E21731B606B5700E81911 /* EntityList.h */,
				0741AD051AB123EF009DCA20 /* Game.h */,
				07F8A5591AC977D700F25BC6 /* GameLoader.h */,
				07270E5B1B5D7BF700CC6BFA /* TemporalEntity.h */,
				07DF7E231AAAC394002D62A3 /* Object.h */,
				07DF7E251AAAC394002D62A3 /* ObjectAction.h */,
				076B89C21AB2B60000E9FFAF /* Player.h */,
				0719E7FF1B42414F003C4308 /* TextEntity.h */,
			);
			name = Header;
			sourceTree = "<group>";
		};
		07DF7E3C1AAAC443002D62A3 /* Source */ = {
			isa = PBXGroup;
			children = (
				07F223A21AAD7C68002339D7 /* Background.cpp */,
				0771D4161AB36390000E625F /* Camera.cpp */,
				076B89BD1AB2B13200E9FFAF /* Entity.cpp */,
				070E21721B606B5700E81911 /* EntityList.cpp */,
				0741AD041AB123EF009DCA20 /* Game.cpp */,
				07F8A5581AC977D700F25BC6 /* GameLoader.cpp */,
				07DF7E221AAAC394002D62A3 /* Object.cpp */,
				07DF7E241AAAC394002D62A3 /* ObjectAction.cpp */,
				07270E5A1B5D7BF700CC6BFA /* TemporalEntity.cpp */,
				076B89C11AB2B60000E9FFAF /* Player.cpp */,
				0719E7FE1B42414F003C4308 /* TextEntity.cpp */,
			);
			name = Source;
			sourceTree = "<group>";
		};
		07DF7E3D1AAAC455002D62A3 /* SDL */ = {
			isa = PBXGroup;
			children = (
				07DF7E261AAAC394002D62A3 /* SDLHeader.h */,
				07AE84741B43102A00EFEFF4 /* SDLHeader.cpp */,
			);
			name = SDL;
			path = GameEngine;
			sourceTree = "<group>";
		};
/* End PBXGroup section */

/* Begin PBXNativeTarget section */
		07DF7E141AAAC366002D62A3 /* GameEngine.app */ = {
			isa = PBXNativeTarget;
			buildConfigurationList = 07DF7E1C1AAAC366002D62A3 /* Build configuration list for PBXNativeTarget "GameEngine.app" */;
			buildPhases = (
				07DF7E111AAAC366002D62A3 /* Sources */,
				07DF7E121AAAC366002D62A3 /* Frameworks */,
				07DF7E131AAAC366002D62A3 /* CopyFiles */,
			);
			buildRules = (
			);
			dependencies = (
			);
			name = GameEngine.app;
			productName = GameEngine;
			productReference = 07DF7E151AAAC366002D62A3 /* GameEngine.app */;
			productType = "com.apple.product-type.tool";
		};
/* End PBXNativeTarget section */

/* Begin PBXProject section */
		07DF7E0D1AAAC366002D62A3 /* Project object */ = {
			isa = PBXProject;
			attributes = {
				LastUpgradeCheck = 0610;
				ORGANIZATIONNAME = ARSC;
				TargetAttributes = {
					07DF7E141AAAC366002D62A3 = {
						CreatedOnToolsVersion = 6.1.1;
					};
				};
			};
			buildConfigurationList = 07DF7E101AAAC366002D62A3 /* Build configuration list for PBXProject "GameEngine" */;
			compatibilityVersion = "Xcode 3.2";
			developmentRegion = English;
			hasScannedForEncodings = 0;
			knownRegions = (
				en,
			);
			mainGroup = 07DF7E0C1AAAC366002D62A3;
			productRefGroup = 07DF7E161AAAC366002D62A3 /* Products */;
			projectDirPath = "";
			projectRoot = "";
			targets = (
				07DF7E141AAAC366002D62A3 /* GameEngine.app */,
			);
		};
/* End PBXProject section */

/* Begin PBXSourcesBuildPhase section */
		07DF7E111AAAC366002D62A3 /* Sources */ = {
			isa = PBXSourcesBuildPhase;
			buildActionMask = 2147483647;
			files = (
				07AE84751B43102A00EFEFF4 /* SDLHeader.cpp in Sources */,
				07270E5C1B5D7BF700CC6BFA /* TemporalEntity.cpp in Sources */,
				076B89BF1AB2B13200E9FFAF /* Entity.cpp in Sources */,
				0771D4181AB36390000E625F /* Camera.cpp in Sources */,
				076B89C31AB2B60000E9FFAF /* Player.cpp in Sources */,
				07DF7E2B1AAAC394002D62A3 /* ObjectAction.cpp in Sources */,
				07F223A41AAD7C68002339D7 /* Background.cpp in Sources */,
				07F8A55A1AC977D700F25BC6 /* GameLoader.cpp in Sources */,
				070E21741B606B5700E81911 /* EntityList.cpp in Sources */,
				07DF7E2A1AAAC394002D62A3 /* Object.cpp in Sources */,
				0719E8001B42414F003C4308 /* TextEntity.cpp in Sources */,
				07F9E5D21AC386E4004E03FD /* main.cpp in Sources */,
				07AE84701B4307FC00EFEFF4 /* pugixml.cpp in Sources */,
				0741AD061AB123EF009DCA20 /* Game.cpp in Sources */,
			);
			runOnlyForDeploymentPostprocessing = 0;
		};
/* End PBXSourcesBuildPhase section */

/* Begin XCBuildConfiguration section */
		07DF7E1A1AAAC366002D62A3 /* Debug */ = {
			isa = XCBuildConfiguration;
			buildSettings = {
				ALWAYS_SEARCH_USER_PATHS = NO;
				CLANG_CXX_LANGUAGE_STANDARD = "gnu++0x";
				CLANG_CXX_LIBRARY = "libc++";
				CLANG_ENABLE_MODULES = YES;
				CLANG_ENABLE_OBJC_ARC = YES;
				CLANG_WARN_BOOL_CONVERSION = YES;
				CLANG_WARN_CONSTANT_CONVERSION = YES;
				CLANG_WARN_DIRECT_OBJC_ISA_USAGE = YES_ERROR;
				CLANG_WARN_EMPTY_BODY = YES;
				CLANG_WARN_ENUM_CONVERSION = YES;
				CLANG_WARN_INT_CONVERSION = YES;
				CLANG_WARN_OBJC_ROOT_CLASS = YES_ERROR;
				CLANG_WARN_UNREACHABLE_CODE = YES;
				CLANG_WARN__DUPLICATE_METHOD_MATCH = YES;
				COPY_PHASE_STRIP = NO;
				ENABLE_STRICT_OBJC_MSGSEND = YES;
				GCC_C_LANGUAGE_STANDARD = gnu99;
				GCC_DYNAMIC_NO_PIC = NO;
				GCC_OPTIMIZATION_LEVEL = 0;
				GCC_PREPROCESSOR_DEFINITIONS = (
					"DEBUG=1",
					"$(inherited)",
				);
				GCC_SYMBOLS_PRIVATE_EXTERN = NO;
				GCC_WARN_64_TO_32_BIT_CONVERSION = YES;
				GCC_WARN_ABOUT_RETURN_TYPE = YES_ERROR;
				GCC_WARN_UNDECLARED_SELECTOR = YES;
				GCC_WARN_UNINITIALIZED_AUTOS = YES_AGGRESSIVE;
				GCC_WARN_UNUSED_FUNCTION = YES;
				GCC_WARN_UNUSED_VARIABLE = YES;
				MACOSX_DEPLOYMENT_TARGET = 10.10;
				MTL_ENABLE_DEBUG_INFO = YES;
				ONLY_ACTIVE_ARCH = YES;
				SDKROOT = macosx;
			};
			name = Debug;
		};
		07DF7E1B1AAAC366002D62A3 /* Release */ = {
			isa = XCBuildConfiguration;
			buildSettings = {
				ALWAYS_SEARCH_USER_PATHS = NO;
				CLANG_CXX_LANGUAGE_STANDARD = "gnu++0x";
				CLANG_CXX_LIBRARY = "libc++";
				CLANG_ENABLE_MODULES = YES;
				CLANG_ENABLE_OBJC_ARC = YES;
				CLANG_WARN_BOOL_CONVERSION = YES;
				CLANG_WARN_CONSTANT_CONVERSION = YES;
				CLANG_WARN_DIRECT_OBJC_ISA_USAGE = YES_ERROR;
				CLANG_WARN_EMPTY_BODY = YES;
				CLANG_WARN_ENUM_CONVERSION = YES;
				CLANG_WARN_INT_CONVERSION = YES;
				CLANG_WARN_OBJC_ROOT_CLASS = YES_ERROR;
				CLANG_WARN_UNREACHABLE_CODE = YES;
				CLANG_WARN__DUPLICATE_METHOD_MATCH = YES;
				COPY_PHASE_STRIP = YES;
				DEBUG_INFORMATION_FORMAT = "dwarf-with-dsym";
				ENABLE_NS_ASSERTIONS = NO;
				ENABLE_STRICT_OBJC_MSGSEND = YES;
				GCC_C_LANGUAGE_STANDARD = gnu99;
				GCC_WARN_64_TO_32_BIT_CONVERSION = YES;
				GCC_WARN_ABOUT_RETURN_TYPE = YES_ERROR;
				GCC_WARN_UNDECLARED_SELECTOR = YES;
				GCC_WARN_UNINITIALIZED_AUTOS = YES_AGGRESSIVE;
				GCC_WARN_UNUSED_FUNCTION = YES;
				GCC_WARN_UNUSED_VARIABLE = YES;
				MACOSX_DEPLOYMENT_TARGET = 10.10;
				MTL_ENABLE_DEBUG_INFO = NO;
				SDKROOT = macosx;
			};
			name = Release;
		};
		07DF7E1D1AAAC366002D62A3 /* Debug */ = {
			isa = XCBuildConfiguration;
			buildSettings = {
				FRAMEWORK_SEARCH_PATHS = (
					"$(inherited)",
					/Users/carlosspaggiari,
					"$(LOCAL_LIBRARY_DIR)/Frameworks",
				);
				PRODUCT_NAME = GameEngine.app;
			};
			name = Debug;
		};
		07DF7E1E1AAAC366002D62A3 /* Release */ = {
			isa = XCBuildConfiguration;
			buildSettings = {
				FRAMEWORK_SEARCH_PATHS = (
					"$(inherited)",
					/Users/carlosspaggiari,
					"$(LOCAL_LIBRARY_DIR)/Frameworks",
				);
				PRODUCT_NAME = GameEngine.app;
			};
			name = Release;
		};
/* End XCBuildConfiguration section */

/* Begin XCConfigurationList section */
		07DF7E101AAAC366002D62A3 /* Build configuration list for PBXProject "GameEngine" */ = {
			isa = XCConfigurationList;
			buildConfigurations = (
				07DF7E1A1AAAC366002D62A3 /* Debug */,
				07DF7E1B1AAAC366002D62A3 /* Release */,
			);
			defaultConfigurationIsVisible = 0;
			defaultConfigurationName = Release;
		};
		07DF7E1C1AAAC366002D62A3 /* Build configuration list for PBXNativeTarget "GameEngine.app" */ = {
			isa = XCConfigurationList;
			buildConfigurations = (
				07DF7E1D1AAAC366002D62A3 /* Debug */,
				07DF7E1E1AAAC366002D62A3 /* Release */,
			);
			defaultConfigurationIsVisible = 0;
			defaultConfigurationName = Release;
		};
/* End XCConfigurationList section */
	};
	rootObject = 07DF7E0D1AAAC366002D62A3 /* Project object */;
}
